
Microsoft Visual Studio Solution File, Format Version 12.00
# Visual Studio Version 17
VisualStudioVersion = 17.4.33205.214
MinimumVisualStudioVersion = 10.0.40219.1
Project("{8BC9CEB8-8B4A-11D0-8D11-00A0C91BC942}") = "Balance", "AccountInterest\AccountInterest.vcxproj", "{59C86B2A-AEE0-41E4-98A8-1781F673B6C7}"
EndProject
Project("{8BC9CEB8-8B4A-11D0-8D11-00A0C91BC942}") = "Account", "Account\Account.vcxproj", "{F927BCCE-DF78-41EA-BEEA-5BB0114635AB}"
EndProject
Project("{8BC9CEB8-8B4A-11D0-8D11-00A0C91BC942}") = "StringProcessing", "..\..\week4\StringProcessing\StringProcessing.vcxproj", "{71334428-4F61-4279-AFF4-752B7D4EDC7D}"
EndProject
Global
	GlobalSection(SolutionConfigurationPlatforms) = preSolution
		Debug|x64 = Debug|x64
		Debug|x86 = Debug|x86
		Release|x64 = Release|x64
		Release|x86 = Release|x86
	EndGlobalSection
	GlobalSection(ProjectConfigurationPlatforms) = postSolution
		{59C86B2A-AEE0-41E4-98A8-1781F673B6C7}.Debug|x64.ActiveCfg = Debug|x64
		{59C86B2A-AEE0-41E4-98A8-1781F673B6C7}.Debug|x64.Build.0 = Debug|x64
		{59C86B2A-AEE0-41E4-98A8-1781F673B6C7}.Debug|x86.ActiveCfg = Debug|Win32
		{59C86B2A-AEE0-41E4-98A8-1781F673B6C7}.Debug|x86.Build.0 = Debug|Win32
		{59C86B2A-AEE0-41E4-98A8-1781F673B6C7}.Release|x64.ActiveCfg = Release|x64
		{59C86B2A-AEE0-41E4-98A8-1781F673B6C7}.Release|x64.Build.0 = Release|x64
		{59C86B2A-AEE0-41E4-98A8-1781F673B6C7}.Release|x86.ActiveCfg = Release|Win32
		{59C86B2A-AEE0-41E4-98A8-1781F673B6C7}.Release|x86.Build.0 = Release|Win32
		{F927BCCE-DF78-41EA-BEEA-5BB0114635AB}.Debug|x64.ActiveCfg = Debug|x64
		{F927BCCE-DF78-41EA-BEEA-5BB0114635AB}.Debug|x64.Build.0 = Debug|x64
		{F927BCCE-DF78-41EA-BEEA-5BB0114635AB}.Debug|x86.ActiveCfg = Debug|Win32
		{F927BCCE-DF78-41EA-BEEA-5BB0114635AB}.Debug|x86.Build.0 = Debug|Win32
		{F927BCCE-DF78-41EA-BEEA-5BB0114635AB}.Release|x64.ActiveCfg = Release|x64
		{F927BCCE-DF78-41EA-BEEA-5BB0114635AB}.Release|x64.Build.0 = Release|x64
		{F927BCCE-DF78-41EA-BEEA-5BB0114635AB}.Release|x86.ActiveCfg = Release|Win32
		{F927BCCE-DF78-41EA-BEEA-5BB0114635AB}.Release|x86.Build.0 = Release|Win32
		{71334428-4F61-4279-AFF4-752B7D4EDC7D}.Debug|x64.ActiveCfg = Debug|x64
		{71334428-4F61-4279-AFF4-752B7D4EDC7D}.Debug|x64.Build.0 = Debug|x64
		{71334428-4F61-4279-AFF4-752B7D4EDC7D}.Debug|x86.ActiveCfg = Debug|Win32
		{71334428-4F61-4279-AFF4-752B7D4EDC7D}.Debug|x86.Build.0 = Debug|Win32
		{71334428-4F61-4279-AFF4-752B7D4EDC7D}.Release|x64.ActiveCfg = Release|x64
		{71334428-4F61-4279-AFF4-752B7D4EDC7D}.Release|x64.Build.0 = Release|x64
		{71334428-4F61-4279-AFF4-752B7D4EDC7D}.Release|x86.ActiveCfg = Release|Win32
		{71334428-4F61-4279-AFF4-752B7D4EDC7D}.Release|x86.Build.0 = Release|Win32
	EndGlobalSection
	GlobalSection(SolutionProperties) = preSolution
		HideSolutionNode = FALSE
	EndGlobalSection
	GlobalSection(ExtensibilityGlobals) = postSolution
		SolutionGuid = {B5C2A15F-9F98-4B45-BB09-04E4C8F8BA03}
	EndGlobalSection
EndGlobal
